
Microsoft Visual Studio Solution File, Format Version 12.00
# Visual Studio 14
VisualStudioVersion = 14.0.25420.1
MinimumVisualStudioVersion = 10.0.40219.1
Project("{FAE04EC0-301F-11D3-BF4B-00C04F79EFBC}") = "DevChampsAPP", "DevChampsAPP\DevChampsAPP\DevChampsAPP.csproj", "{34714546-92F1-4CA1-ADE8-D11CE3AF0CBA}"
EndProject
Project("{FAE04EC0-301F-11D3-BF4B-00C04F79EFBC}") = "DevChampsAPP.iOS", "DevChampsAPP\DevChampsAPP.iOS\DevChampsAPP.iOS.csproj", "{EE7AE894-3F7C-4FB1-B6E8-941BB8C44BC1}"
EndProject
Project("{FAE04EC0-301F-11D3-BF4B-00C04F79EFBC}") = "DevChampsAPP.Droid", "DevChampsAPP\DevChampsAPP.Droid\DevChampsAPP.Droid.csproj", "{B2D7D150-DA1B-477F-8221-C791C37AF80A}"
EndProject
Global
	GlobalSection(SolutionConfigurationPlatforms) = preSolution
		Ad-Hoc|Any CPU = Ad-Hoc|Any CPU
		Ad-Hoc|iPhone = Ad-Hoc|iPhone
		Ad-Hoc|iPhoneSimulator = Ad-Hoc|iPhoneSimulator
		AppStore|Any CPU = AppStore|Any CPU
		AppStore|iPhone = AppStore|iPhone
		AppStore|iPhoneSimulator = AppStore|iPhoneSimulator
		Debug|Any CPU = Debug|Any CPU
		Debug|iPhone = Debug|iPhone
		Debug|iPhoneSimulator = Debug|iPhoneSimulator
		Release|Any CPU = Release|Any CPU
		Release|iPhone = Release|iPhone
		Release|iPhoneSimulator = Release|iPhoneSimulator
	EndGlobalSection
	GlobalSection(ProjectConfigurationPlatforms) = postSolution
		{34714546-92F1-4CA1-ADE8-D11CE3AF0CBA}.Ad-Hoc|Any CPU.ActiveCfg = Release|Any CPU
		{34714546-92F1-4CA1-ADE8-D11CE3AF0CBA}.Ad-Hoc|Any CPU.Build.0 = Release|Any CPU
		{34714546-92F1-4CA1-ADE8-D11CE3AF0CBA}.Ad-Hoc|iPhone.ActiveCfg = Release|Any CPU
		{34714546-92F1-4CA1-ADE8-D11CE3AF0CBA}.Ad-Hoc|iPhone.Build.0 = Release|Any CPU
		{34714546-92F1-4CA1-ADE8-D11CE3AF0CBA}.Ad-Hoc|iPhoneSimulator.ActiveCfg = Release|Any CPU
		{34714546-92F1-4CA1-ADE8-D11CE3AF0CBA}.Ad-Hoc|iPhoneSimulator.Build.0 = Release|Any CPU
		{34714546-92F1-4CA1-ADE8-D11CE3AF0CBA}.AppStore|Any CPU.ActiveCfg = Release|Any CPU
		{34714546-92F1-4CA1-ADE8-D11CE3AF0CBA}.AppStore|Any CPU.Build.0 = Release|Any CPU
		{34714546-92F1-4CA1-ADE8-D11CE3AF0CBA}.AppStore|iPhone.ActiveCfg = Release|Any CPU
		{34714546-92F1-4CA1-ADE8-D11CE3AF0CBA}.AppStore|iPhone.Build.0 = Release|Any CPU
		{34714546-92F1-4CA1-ADE8-D11CE3AF0CBA}.AppStore|iPhoneSimulator.ActiveCfg = Release|Any CPU
		{34714546-92F1-4CA1-ADE8-D11CE3AF0CBA}.AppStore|iPhoneSimulator.Build.0 = Release|Any CPU
		{34714546-92F1-4CA1-ADE8-D11CE3AF0CBA}.Debug|Any CPU.ActiveCfg = Debug|Any CPU
		{34714546-92F1-4CA1-ADE8-D11CE3AF0CBA}.Debug|Any CPU.Build.0 = Debug|Any CPU
		{34714546-92F1-4CA1-ADE8-D11CE3AF0CBA}.Debug|iPhone.ActiveCfg = Debug|Any CPU
		{34714546-92F1-4CA1-ADE8-D11CE3AF0CBA}.Debug|iPhone.Build.0 = Debug|Any CPU
		{34714546-92F1-4CA1-ADE8-D11CE3AF0CBA}.Debug|iPhoneSimulator.ActiveCfg = Debug|Any CPU
		{34714546-92F1-4CA1-ADE8-D11CE3AF0CBA}.Debug|iPhoneSimulator.Build.0 = Debug|Any CPU
		{34714546-92F1-4CA1-ADE8-D11CE3AF0CBA}.Release|Any CPU.ActiveCfg = Release|Any CPU
		{34714546-92F1-4CA1-ADE8-D11CE3AF0CBA}.Release|Any CPU.Build.0 = Release|Any CPU
		{34714546-92F1-4CA1-ADE8-D11CE3AF0CBA}.Release|iPhone.ActiveCfg = Release|Any CPU
		{34714546-92F1-4CA1-ADE8-D11CE3AF0CBA}.Release|iPhone.Build.0 = Release|Any CPU
		{34714546-92F1-4CA1-ADE8-D11CE3AF0CBA}.Release|iPhoneSimulator.ActiveCfg = Release|Any CPU
		{34714546-92F1-4CA1-ADE8-D11CE3AF0CBA}.Release|iPhoneSimulator.Build.0 = Release|Any CPU
		{EE7AE894-3F7C-4FB1-B6E8-941BB8C44BC1}.Ad-Hoc|Any CPU.ActiveCfg = Ad-Hoc|iPhone
		{EE7AE894-3F7C-4FB1-B6E8-941BB8C44BC1}.Ad-Hoc|iPhone.ActiveCfg = Ad-Hoc|iPhone
		{EE7AE894-3F7C-4FB1-B6E8-941BB8C44BC1}.Ad-Hoc|iPhone.Build.0 = Ad-Hoc|iPhone
		{EE7AE894-3F7C-4FB1-B6E8-941BB8C44BC1}.Ad-Hoc|iPhoneSimulator.ActiveCfg = Ad-Hoc|iPhoneSimulator
		{EE7AE894-3F7C-4FB1-B6E8-941BB8C44BC1}.Ad-Hoc|iPhoneSimulator.Build.0 = Ad-Hoc|iPhoneSimulator
		{EE7AE894-3F7C-4FB1-B6E8-941BB8C44BC1}.AppStore|Any CPU.ActiveCfg = AppStore|iPhone
		{EE7AE894-3F7C-4FB1-B6E8-941BB8C44BC1}.AppStore|iPhone.ActiveCfg = AppStore|iPhone
		{EE7AE894-3F7C-4FB1-B6E8-941BB8C44BC1}.AppStore|iPhone.Build.0 = AppStore|iPhone
		{EE7AE894-3F7C-4FB1-B6E8-941BB8C44BC1}.AppStore|iPhoneSimulator.ActiveCfg = AppStore|iPhoneSimulator
		{EE7AE894-3F7C-4FB1-B6E8-941BB8C44BC1}.AppStore|iPhoneSimulator.Build.0 = AppStore|iPhoneSimulator
		{EE7AE894-3F7C-4FB1-B6E8-941BB8C44BC1}.Debug|Any CPU.ActiveCfg = Debug|iPhone
		{EE7AE894-3F7C-4FB1-B6E8-941BB8C44BC1}.Debug|iPhone.ActiveCfg = Debug|iPhone
		{EE7AE894-3F7C-4FB1-B6E8-941BB8C44BC1}.Debug|iPhone.Build.0 = Debug|iPhone
		{EE7AE894-3F7C-4FB1-B6E8-941BB8C44BC1}.Debug|iPhoneSimulator.ActiveCfg = Debug|iPhoneSimulator
		{EE7AE894-3F7C-4FB1-B6E8-941BB8C44BC1}.Debug|iPhoneSimulator.Build.0 = Debug|iPhoneSimulator
		{EE7AE894-3F7C-4FB1-B6E8-941BB8C44BC1}.Release|Any CPU.ActiveCfg = Release|iPhone
		{EE7AE894-3F7C-4FB1-B6E8-941BB8C44BC1}.Release|iPhone.ActiveCfg = Release|iPhone
		{EE7AE894-3F7C-4FB1-B6E8-941BB8C44BC1}.Release|iPhone.Build.0 = Release|iPhone
		{EE7AE894-3F7C-4FB1-B6E8-941BB8C44BC1}.Release|iPhoneSimulator.ActiveCfg = Release|iPhoneSimulator
		{EE7AE894-3F7C-4FB1-B6E8-941BB8C44BC1}.Release|iPhoneSimulator.Build.0 = Release|iPhoneSimulator
		{EE7AE894-3F7C-4FB1-B6E8-941BB8C44BC1}.Debug|Any CPU.Build.0 = Debug|iPhone
		{B2D7D150-DA1B-477F-8221-C791C37AF80A}.Ad-Hoc|Any CPU.ActiveCfg = Release|Any CPU
		{B2D7D150-DA1B-477F-8221-C791C37AF80A}.Ad-Hoc|Any CPU.Build.0 = Release|Any CPU
		{B2D7D150-DA1B-477F-8221-C791C37AF80A}.Ad-Hoc|Any CPU.Deploy.0 = Release|Any CPU
		{B2D7D150-DA1B-477F-8221-C791C37AF80A}.Ad-Hoc|iPhone.ActiveCfg = Release|Any CPU
		{B2D7D150-DA1B-477F-8221-C791C37AF80A}.Ad-Hoc|iPhone.Build.0 = Release|Any CPU
		{B2D7D150-DA1B-477F-8221-C791C37AF80A}.Ad-Hoc|iPhone.Deploy.0 = Release|Any CPU
		{B2D7D150-DA1B-477F-8221-C791C37AF80A}.Ad-Hoc|iPhoneSimulator.ActiveCfg = Release|Any CPU
		{B2D7D150-DA1B-477F-8221-C791C37AF80A}.Ad-Hoc|iPhoneSimulator.Build.0 = Release|Any CPU
		{B2D7D150-DA1B-477F-8221-C791C37AF80A}.Ad-Hoc|iPhoneSimulator.Deploy.0 = Release|Any CPU
		{B2D7D150-DA1B-477F-8221-C791C37AF80A}.AppStore|Any CPU.ActiveCfg = Release|Any CPU
		{B2D7D150-DA1B-477F-8221-C791C37AF80A}.AppStore|Any CPU.Build.0 = Release|Any CPU
		{B2D7D150-DA1B-477F-8221-C791C37AF80A}.AppStore|Any CPU.Deploy.0 = Release|Any CPU
		{B2D7D150-DA1B-477F-8221-C791C37AF80A}.AppStore|iPhone.ActiveCfg = Release|Any CPU
		{B2D7D150-DA1B-477F-8221-C791C37AF80A}.AppStore|iPhone.Build.0 = Release|Any CPU
		{B2D7D150-DA1B-477F-8221-C791C37AF80A}.AppStore|iPhone.Deploy.0 = Release|Any CPU
		{B2D7D150-DA1B-477F-8221-C791C37AF80A}.AppStore|iPhoneSimulator.ActiveCfg = Release|Any CPU
		{B2D7D150-DA1B-477F-8221-C791C37AF80A}.AppStore|iPhoneSimulator.Build.0 = Release|Any CPU
		{B2D7D150-DA1B-477F-8221-C791C37AF80A}.AppStore|iPhoneSimulator.Deploy.0 = Release|Any CPU
		{B2D7D150-DA1B-477F-8221-C791C37AF80A}.Debug|Any CPU.ActiveCfg = Debug|Any CPU
		{B2D7D150-DA1B-477F-8221-C791C37AF80A}.Debug|Any CPU.Build.0 = Debug|Any CPU
		{B2D7D150-DA1B-477F-8221-C791C37AF80A}.Debug|Any CPU.Deploy.0 = Debug|Any CPU
		{B2D7D150-DA1B-477F-8221-C791C37AF80A}.Debug|iPhone.ActiveCfg = Debug|Any CPU
		{B2D7D150-DA1B-477F-8221-C791C37AF80A}.Debug|iPhone.Build.0 = Debug|Any CPU
		{B2D7D150-DA1B-477F-8221-C791C37AF80A}.Debug|iPhone.Deploy.0 = Debug|Any CPU
		{B2D7D150-DA1B-477F-8221-C791C37AF80A}.Debug|iPhoneSimulator.ActiveCfg = Debug|Any CPU
		{B2D7D150-DA1B-477F-8221-C791C37AF80A}.Debug|iPhoneSimulator.Build.0 = Debug|Any CPU
		{B2D7D150-DA1B-477F-8221-C791C37AF80A}.Debug|iPhoneSimulator.Deploy.0 = Debug|Any CPU
		{B2D7D150-DA1B-477F-8221-C791C37AF80A}.Release|Any CPU.ActiveCfg = Release|Any CPU
		{B2D7D150-DA1B-477F-8221-C791C37AF80A}.Release|Any CPU.Build.0 = Release|Any CPU
		{B2D7D150-DA1B-477F-8221-C791C37AF80A}.Release|Any CPU.Deploy.0 = Release|Any CPU
		{B2D7D150-DA1B-477F-8221-C791C37AF80A}.Release|iPhone.ActiveCfg = Release|Any CPU
		{B2D7D150-DA1B-477F-8221-C791C37AF80A}.Release|iPhone.Build.0 = Release|Any CPU
		{B2D7D150-DA1B-477F-8221-C791C37AF80A}.Release|iPhone.Deploy.0 = Release|Any CPU
		{B2D7D150-DA1B-477F-8221-C791C37AF80A}.Release|iPhoneSimulator.ActiveCfg = Release|Any CPU
		{B2D7D150-DA1B-477F-8221-C791C37AF80A}.Release|iPhoneSimulator.Build.0 = Release|Any CPU
		{B2D7D150-DA1B-477F-8221-C791C37AF80A}.Release|iPhoneSimulator.Deploy.0 = Release|Any CPU
	EndGlobalSection
	GlobalSection(SolutionProperties) = preSolution
		HideSolutionNode = FALSE
	EndGlobalSection
EndGlobal
